
Microsoft Visual Studio Solution File, Format Version 12.00
# Visual Studio Version 17
VisualStudioVersion = 17.14.36301.6 d17.14
MinimumVisualStudioVersion = 10.0.40219.1
Project("{FAE04EC0-301F-11D3-BF4B-00C04F79EFBC}") = "Internal-Booking-App", "Internal-Booking-App\Internal-Booking-App.csproj", "{579284A5-CE2E-468A-8A62-515EDDC0B12E}"
EndProject
Global
	GlobalSection(SolutionConfigurationPlatforms) = preSolution
		Debug|Any CPU = Debug|Any CPU
		Release|Any CPU = Release|Any CPU
	EndGlobalSection
	GlobalSection(ProjectConfigurationPlatforms) = postSolution
		{579284A5-CE2E-468A-8A62-515EDDC0B12E}.Debug|Any CPU.ActiveCfg = Debug|Any CPU
		{579284A5-CE2E-468A-8A62-515EDDC0B12E}.Debug|Any CPU.Build.0 = Debug|Any CPU
		{579284A5-CE2E-468A-8A62-515EDDC0B12E}.Release|Any CPU.ActiveCfg = Release|Any CPU
		{579284A5-CE2E-468A-8A62-515EDDC0B12E}.Release|Any CPU.Build.0 = Release|Any CPU
	EndGlobalSection
	GlobalSection(SolutionProperties) = preSolution
		HideSolutionNode = FALSE
	EndGlobalSection
	GlobalSection(ExtensibilityGlobals) = postSolution
		SolutionGuid = {0A688C82-6AF3-4902-A049-A36859CC5DBE}
	EndGlobalSection
EndGlobal
